// !$*UTF8*$!
{
	archiveVersion = 1;
	classes = {
	};
	objectVersion = 46;
	objects = {

/* Begin PBXBuildFile section */
		028959771CF7A07B00414BCB /* SwiftColorSampler.h in Headers */ = {isa = PBXBuildFile; fileRef = 028959761CF7A07B00414BCB /* SwiftColorSampler.h */; settings = {ATTRIBUTES = (Public, ); }; };
		0289597E1CF7A07B00414BCB /* SwiftColorSampler.framework in Frameworks */ = {isa = PBXBuildFile; fileRef = 028959731CF7A07B00414BCB /* SwiftColorSampler.framework */; };
		028959901CF7A0A800414BCB /* ColorOctree.swift in Sources */ = {isa = PBXBuildFile; fileRef = 0289598D1CF7A0A800414BCB /* ColorOctree.swift */; };
		028959911CF7A0A800414BCB /* MinBinaryHeap.swift in Sources */ = {isa = PBXBuildFile; fileRef = 0289598E1CF7A0A800414BCB /* MinBinaryHeap.swift */; };
		028959921CF7A0A800414BCB /* UIImage+ColorSampler.swift in Sources */ = {isa = PBXBuildFile; fileRef = 0289598F1CF7A0A800414BCB /* UIImage+ColorSampler.swift */; };
		028959971CF7A10300414BCB /* SwiftColorSamplerTests.swift in Sources */ = {isa = PBXBuildFile; fileRef = 028959931CF7A0D700414BCB /* SwiftColorSamplerTests.swift */; };
		028959981CF7A10300414BCB /* MinBinaryHeapTests.swift in Sources */ = {isa = PBXBuildFile; fileRef = 028959951CF7A0DC00414BCB /* MinBinaryHeapTests.swift */; };
		028959B81CF7A2D100414BCB /* TestImage1.png in Resources */ = {isa = PBXBuildFile; fileRef = 028959B61CF7A2D100414BCB /* TestImage1.png */; };
		028959B91CF7A2D100414BCB /* TestImage2.jpg in Resources */ = {isa = PBXBuildFile; fileRef = 028959B71CF7A2D100414BCB /* TestImage2.jpg */; };
		0290DCEF1D6CE33B009EBD9E /* AppDelegate.swift in Sources */ = {isa = PBXBuildFile; fileRef = 0290DCEE1D6CE33B009EBD9E /* AppDelegate.swift */; };
		0290DCF11D6CE33B009EBD9E /* ViewController.swift in Sources */ = {isa = PBXBuildFile; fileRef = 0290DCF01D6CE33B009EBD9E /* ViewController.swift */; };
		0290DCF41D6CE33B009EBD9E /* Main.storyboard in Resources */ = {isa = PBXBuildFile; fileRef = 0290DCF21D6CE33B009EBD9E /* Main.storyboard */; };
		0290DCF61D6CE33B009EBD9E /* Assets.xcassets in Resources */ = {isa = PBXBuildFile; fileRef = 0290DCF51D6CE33B009EBD9E /* Assets.xcassets */; };
		0290DCF91D6CE33B009EBD9E /* LaunchScreen.storyboard in Resources */ = {isa = PBXBuildFile; fileRef = 0290DCF71D6CE33B009EBD9E /* LaunchScreen.storyboard */; };
		0290DD0C1D6CE374009EBD9E /* TestImage2.jpg in Resources */ = {isa = PBXBuildFile; fileRef = 028959B71CF7A2D100414BCB /* TestImage2.jpg */; };
		0290DD0D1D6CE493009EBD9E /* SwiftColorSampler.framework in Frameworks */ = {isa = PBXBuildFile; fileRef = 028959731CF7A07B00414BCB /* SwiftColorSampler.framework */; };
		02EDB60A1ED40298001105CB /* ColorOctree.swift in Sources */ = {isa = PBXBuildFile; fileRef = 0289598D1CF7A0A800414BCB /* ColorOctree.swift */; };
		02EDB60B1ED40298001105CB /* MinBinaryHeap.swift in Sources */ = {isa = PBXBuildFile; fileRef = 0289598E1CF7A0A800414BCB /* MinBinaryHeap.swift */; };
		02EDB60C1ED4029C001105CB /* UIImage+ColorSampler.swift in Sources */ = {isa = PBXBuildFile; fileRef = 0289598F1CF7A0A800414BCB /* UIImage+ColorSampler.swift */; };
		02EDB60F1ED403D8001105CB /* SwiftColorSampler.h in Headers */ = {isa = PBXBuildFile; fileRef = 028959761CF7A07B00414BCB /* SwiftColorSampler.h */; settings = {ATTRIBUTES = (Public, ); }; };
/* End PBXBuildFile section */

/* Begin PBXContainerItemProxy section */
		0289597F1CF7A07B00414BCB /* PBXContainerItemProxy */ = {
			isa = PBXContainerItemProxy;
			containerPortal = 0289596A1CF7A07B00414BCB /* Project object */;
			proxyType = 1;
			remoteGlobalIDString = 028959721CF7A07B00414BCB;
			remoteInfo = SwiftColorSampler;
		};
/* End PBXContainerItemProxy section */

/* Begin PBXFileReference section */
		028959731CF7A07B00414BCB /* SwiftColorSampler.framework */ = {isa = PBXFileReference; explicitFileType = wrapper.framework; includeInIndex = 0; path = SwiftColorSampler.framework; sourceTree = BUILT_PRODUCTS_DIR; };
		028959761CF7A07B00414BCB /* SwiftColorSampler.h */ = {isa = PBXFileReference; lastKnownFileType = sourcecode.c.h; path = SwiftColorSampler.h; sourceTree = "<group>"; };
		0289597D1CF7A07B00414BCB /* SwiftColorSamplerTests.xctest */ = {isa = PBXFileReference; explicitFileType = wrapper.cfbundle; includeInIndex = 0; path = SwiftColorSamplerTests.xctest; sourceTree = BUILT_PRODUCTS_DIR; };
		028959841CF7A07B00414BCB /* Info.plist */ = {isa = PBXFileReference; lastKnownFileType = text.plist.xml; path = Info.plist; sourceTree = "<group>"; };
		0289598D1CF7A0A800414BCB /* ColorOctree.swift */ = {isa = PBXFileReference; fileEncoding = 4; lastKnownFileType = sourcecode.swift; path = ColorOctree.swift; sourceTree = "<group>"; };
		0289598E1CF7A0A800414BCB /* MinBinaryHeap.swift */ = {isa = PBXFileReference; fileEncoding = 4; lastKnownFileType = sourcecode.swift; path = MinBinaryHeap.swift; sourceTree = "<group>"; };
		0289598F1CF7A0A800414BCB /* UIImage+ColorSampler.swift */ = {isa = PBXFileReference; fileEncoding = 4; lastKnownFileType = sourcecode.swift; path = "UIImage+ColorSampler.swift"; sourceTree = "<group>"; };
		028959931CF7A0D700414BCB /* SwiftColorSamplerTests.swift */ = {isa = PBXFileReference; fileEncoding = 4; lastKnownFileType = sourcecode.swift; path = SwiftColorSamplerTests.swift; sourceTree = "<group>"; };
		028959951CF7A0DC00414BCB /* MinBinaryHeapTests.swift */ = {isa = PBXFileReference; fileEncoding = 4; lastKnownFileType = sourcecode.swift; path = MinBinaryHeapTests.swift; sourceTree = "<group>"; };
		028959B61CF7A2D100414BCB /* TestImage1.png */ = {isa = PBXFileReference; lastKnownFileType = image.png; path = TestImage1.png; sourceTree = "<group>"; };
		028959B71CF7A2D100414BCB /* TestImage2.jpg */ = {isa = PBXFileReference; lastKnownFileType = image.jpeg; path = TestImage2.jpg; sourceTree = "<group>"; };
		0290DCEC1D6CE33B009EBD9E /* Sample App.app */ = {isa = PBXFileReference; explicitFileType = wrapper.application; includeInIndex = 0; path = "Sample App.app"; sourceTree = BUILT_PRODUCTS_DIR; };
		0290DCEE1D6CE33B009EBD9E /* AppDelegate.swift */ = {isa = PBXFileReference; lastKnownFileType = sourcecode.swift; path = AppDelegate.swift; sourceTree = "<group>"; };
		0290DCF01D6CE33B009EBD9E /* ViewController.swift */ = {isa = PBXFileReference; lastKnownFileType = sourcecode.swift; path = ViewController.swift; sourceTree = "<group>"; };
		0290DCF31D6CE33B009EBD9E /* Base */ = {isa = PBXFileReference; lastKnownFileType = file.storyboard; name = Base; path = Base.lproj/Main.storyboard; sourceTree = "<group>"; };
		0290DCF51D6CE33B009EBD9E /* Assets.xcassets */ = {isa = PBXFileReference; lastKnownFileType = folder.assetcatalog; path = Assets.xcassets; sourceTree = "<group>"; };
		0290DCF81D6CE33B009EBD9E /* Base */ = {isa = PBXFileReference; lastKnownFileType = file.storyboard; name = Base; path = Base.lproj/LaunchScreen.storyboard; sourceTree = "<group>"; };
		0290DCFA1D6CE33B009EBD9E /* Info.plist */ = {isa = PBXFileReference; lastKnownFileType = text.plist.xml; path = Info.plist; sourceTree = "<group>"; };
		02EDB6021ED4026D001105CB /* SwiftColorSampler.framework */ = {isa = PBXFileReference; explicitFileType = wrapper.framework; includeInIndex = 0; path = SwiftColorSampler.framework; sourceTree = BUILT_PRODUCTS_DIR; };
		02EDB6051ED4026E001105CB /* Info.plist */ = {isa = PBXFileReference; lastKnownFileType = text.plist.xml; path = Info.plist; sourceTree = "<group>"; };
/* End PBXFileReference section */

/* Begin PBXFrameworksBuildPhase section */
		0289596F1CF7A07B00414BCB /* Frameworks */ = {
			isa = PBXFrameworksBuildPhase;
			buildActionMask = 2147483647;
			files = (
			);
			runOnlyForDeploymentPostprocessing = 0;
		};
		0289597A1CF7A07B00414BCB /* Frameworks */ = {
			isa = PBXFrameworksBuildPhase;
			buildActionMask = 2147483647;
			files = (
				0289597E1CF7A07B00414BCB /* SwiftColorSampler.framework in Frameworks */,
			);
			runOnlyForDeploymentPostprocessing = 0;
		};
		0290DCE91D6CE33B009EBD9E /* Frameworks */ = {
			isa = PBXFrameworksBuildPhase;
			buildActionMask = 2147483647;
			files = (
				0290DD0D1D6CE493009EBD9E /* SwiftColorSampler.framework in Frameworks */,
			);
			runOnlyForDeploymentPostprocessing = 0;
		};
		02EDB5FE1ED4026D001105CB /* Frameworks */ = {
			isa = PBXFrameworksBuildPhase;
			buildActionMask = 2147483647;
			files = (
			);
			runOnlyForDeploymentPostprocessing = 0;
		};
/* End PBXFrameworksBuildPhase section */

/* Begin PBXGroup section */
		028959691CF7A07B00414BCB = {
			isa = PBXGroup;
			children = (
				028959741CF7A07B00414BCB /* Products */,
				0290DCED1D6CE33B009EBD9E /* Sample App */,
				028959751CF7A07B00414BCB /* Source */,
				028959811CF7A07B00414BCB /* Tests */,
			);
			sourceTree = "<group>";
		};
		028959741CF7A07B00414BCB /* Products */ = {
			isa = PBXGroup;
			children = (
				028959731CF7A07B00414BCB /* SwiftColorSampler.framework */,
				0289597D1CF7A07B00414BCB /* SwiftColorSamplerTests.xctest */,
				0290DCEC1D6CE33B009EBD9E /* Sample App.app */,
				02EDB6021ED4026D001105CB /* SwiftColorSampler.framework */,
			);
			name = Products;
			sourceTree = "<group>";
		};
		028959751CF7A07B00414BCB /* Source */ = {
			isa = PBXGroup;
			children = (
				0289598D1CF7A0A800414BCB /* ColorOctree.swift */,
				02EDB6051ED4026E001105CB /* Info.plist */,
				0289598E1CF7A0A800414BCB /* MinBinaryHeap.swift */,
				028959761CF7A07B00414BCB /* SwiftColorSampler.h */,
				0289598F1CF7A0A800414BCB /* UIImage+ColorSampler.swift */,
			);
			path = Source;
			sourceTree = "<group>";
		};
		028959811CF7A07B00414BCB /* Tests */ = {
			isa = PBXGroup;
			children = (
				028959BA1CF7A2F600414BCB /* Test Images */,
				028959841CF7A07B00414BCB /* Info.plist */,
				028959951CF7A0DC00414BCB /* MinBinaryHeapTests.swift */,
				028959931CF7A0D700414BCB /* SwiftColorSamplerTests.swift */,
			);
			path = Tests;
			sourceTree = "<group>";
		};
		028959BA1CF7A2F600414BCB /* Test Images */ = {
			isa = PBXGroup;
			children = (
				028959B61CF7A2D100414BCB /* TestImage1.png */,
				028959B71CF7A2D100414BCB /* TestImage2.jpg */,
			);
			path = "Test Images";
			sourceTree = "<group>";
		};
		0290DCED1D6CE33B009EBD9E /* Sample App */ = {
			isa = PBXGroup;
			children = (
				0290DCEE1D6CE33B009EBD9E /* AppDelegate.swift */,
				0290DCF51D6CE33B009EBD9E /* Assets.xcassets */,
				0290DCFA1D6CE33B009EBD9E /* Info.plist */,
				0290DCF71D6CE33B009EBD9E /* LaunchScreen.storyboard */,
				0290DCF21D6CE33B009EBD9E /* Main.storyboard */,
				0290DCF01D6CE33B009EBD9E /* ViewController.swift */,
			);
			path = "Sample App";
			sourceTree = "<group>";
		};
/* End PBXGroup section */

/* Begin PBXHeadersBuildPhase section */
		028959701CF7A07B00414BCB /* Headers */ = {
			isa = PBXHeadersBuildPhase;
			buildActionMask = 2147483647;
			files = (
				028959771CF7A07B00414BCB /* SwiftColorSampler.h in Headers */,
			);
			runOnlyForDeploymentPostprocessing = 0;
		};
		02EDB5FF1ED4026D001105CB /* Headers */ = {
			isa = PBXHeadersBuildPhase;
			buildActionMask = 2147483647;
			files = (
				02EDB60F1ED403D8001105CB /* SwiftColorSampler.h in Headers */,
			);
			runOnlyForDeploymentPostprocessing = 0;
		};
/* End PBXHeadersBuildPhase section */

/* Begin PBXNativeTarget section */
		028959721CF7A07B00414BCB /* SwiftColorSampler iOS */ = {
			isa = PBXNativeTarget;
			buildConfigurationList = 028959871CF7A07B00414BCB /* Build configuration list for PBXNativeTarget "SwiftColorSampler iOS" */;
			buildPhases = (
				0289596E1CF7A07B00414BCB /* Sources */,
				0289596F1CF7A07B00414BCB /* Frameworks */,
				028959701CF7A07B00414BCB /* Headers */,
				028959711CF7A07B00414BCB /* Resources */,
			);
			buildRules = (
			);
			dependencies = (
			);
			name = "SwiftColorSampler iOS";
			productName = SwiftColorSampler;
			productReference = 028959731CF7A07B00414BCB /* SwiftColorSampler.framework */;
			productType = "com.apple.product-type.framework";
		};
		0289597C1CF7A07B00414BCB /* SwiftColorSamplerTests */ = {
			isa = PBXNativeTarget;
			buildConfigurationList = 0289598A1CF7A07B00414BCB /* Build configuration list for PBXNativeTarget "SwiftColorSamplerTests" */;
			buildPhases = (
				028959791CF7A07B00414BCB /* Sources */,
				0289597A1CF7A07B00414BCB /* Frameworks */,
				0289597B1CF7A07B00414BCB /* Resources */,
			);
			buildRules = (
			);
			dependencies = (
				028959801CF7A07B00414BCB /* PBXTargetDependency */,
			);
			name = SwiftColorSamplerTests;
			productName = SwiftColorSamplerTests;
			productReference = 0289597D1CF7A07B00414BCB /* SwiftColorSamplerTests.xctest */;
			productType = "com.apple.product-type.bundle.unit-test";
		};
		0290DCEB1D6CE33B009EBD9E /* Sample App */ = {
			isa = PBXNativeTarget;
			buildConfigurationList = 0290DD061D6CE33B009EBD9E /* Build configuration list for PBXNativeTarget "Sample App" */;
			buildPhases = (
				0290DCE81D6CE33B009EBD9E /* Sources */,
				0290DCE91D6CE33B009EBD9E /* Frameworks */,
				0290DCEA1D6CE33B009EBD9E /* Resources */,
			);
			buildRules = (
			);
			dependencies = (
			);
			name = "Sample App";
			productName = "Sample App";
			productReference = 0290DCEC1D6CE33B009EBD9E /* Sample App.app */;
			productType = "com.apple.product-type.application";
		};
		02EDB6011ED4026D001105CB /* SwiftColorSampler watchOS */ = {
			isa = PBXNativeTarget;
			buildConfigurationList = 02EDB6071ED4026E001105CB /* Build configuration list for PBXNativeTarget "SwiftColorSampler watchOS" */;
			buildPhases = (
				02EDB5FD1ED4026D001105CB /* Sources */,
				02EDB5FE1ED4026D001105CB /* Frameworks */,
				02EDB5FF1ED4026D001105CB /* Headers */,
				02EDB6001ED4026D001105CB /* Resources */,
			);
			buildRules = (
			);
			dependencies = (
			);
			name = "SwiftColorSampler watchOS";
			productName = "SwiftColorSampler-watchOS";
			productReference = 02EDB6021ED4026D001105CB /* SwiftColorSampler.framework */;
			productType = "com.apple.product-type.framework";
		};
/* End PBXNativeTarget section */

/* Begin PBXProject section */
		0289596A1CF7A07B00414BCB /* Project object */ = {
			isa = PBXProject;
			attributes = {
				LastSwiftUpdateCheck = 0800;
				LastUpgradeCheck = 0900;
				ORGANIZATIONNAME = "Miles Hollingsworth";
				TargetAttributes = {
					028959721CF7A07B00414BCB = {
						CreatedOnToolsVersion = 7.3.1;
						LastSwiftMigration = 0900;
					};
					0289597C1CF7A07B00414BCB = {
						CreatedOnToolsVersion = 7.3.1;
						DevelopmentTeam = 7XLNECBC46;
						LastSwiftMigration = 0900;
					};
					0290DCEB1D6CE33B009EBD9E = {
						CreatedOnToolsVersion = 8.0;
						DevelopmentTeam = 7XLNECBC46;
						LastSwiftMigration = 0900;
						ProvisioningStyle = Automatic;
					};
					02EDB6011ED4026D001105CB = {
						CreatedOnToolsVersion = 8.3.2;
						DevelopmentTeam = 7XLNECBC46;
						LastSwiftMigration = 0900;
						ProvisioningStyle = Automatic;
					};
				};
			};
			buildConfigurationList = 0289596D1CF7A07B00414BCB /* Build configuration list for PBXProject "SwiftColorSampler" */;
			compatibilityVersion = "Xcode 3.2";
			developmentRegion = English;
			hasScannedForEncodings = 0;
			knownRegions = (
				en,
				Base,
			);
			mainGroup = 028959691CF7A07B00414BCB;
			productRefGroup = 028959741CF7A07B00414BCB /* Products */;
			projectDirPath = "";
			projectRoot = "";
			targets = (
				028959721CF7A07B00414BCB /* SwiftColorSampler iOS */,
				0289597C1CF7A07B00414BCB /* SwiftColorSamplerTests */,
				0290DCEB1D6CE33B009EBD9E /* Sample App */,
				02EDB6011ED4026D001105CB /* SwiftColorSampler watchOS */,
			);
		};
/* End PBXProject section */

/* Begin PBXResourcesBuildPhase section */
		028959711CF7A07B00414BCB /* Resources */ = {
			isa = PBXResourcesBuildPhase;
			buildActionMask = 2147483647;
			files = (
			);
			runOnlyForDeploymentPostprocessing = 0;
		};
		0289597B1CF7A07B00414BCB /* Resources */ = {
			isa = PBXResourcesBuildPhase;
			buildActionMask = 2147483647;
			files = (
				028959B81CF7A2D100414BCB /* TestImage1.png in Resources */,
				028959B91CF7A2D100414BCB /* TestImage2.jpg in Resources */,
			);
			runOnlyForDeploymentPostprocessing = 0;
		};
		0290DCEA1D6CE33B009EBD9E /* Resources */ = {
			isa = PBXResourcesBuildPhase;
			buildActionMask = 2147483647;
			files = (
				0290DCF91D6CE33B009EBD9E /* LaunchScreen.storyboard in Resources */,
				0290DCF61D6CE33B009EBD9E /* Assets.xcassets in Resources */,
				0290DD0C1D6CE374009EBD9E /* TestImage2.jpg in Resources */,
				0290DCF41D6CE33B009EBD9E /* Main.storyboard in Resources */,
			);
			runOnlyForDeploymentPostprocessing = 0;
		};
		02EDB6001ED4026D001105CB /* Resources */ = {
			isa = PBXResourcesBuildPhase;
			buildActionMask = 2147483647;
			files = (
			);
			runOnlyForDeploymentPostprocessing = 0;
		};
/* End PBXResourcesBuildPhase section */

/* Begin PBXSourcesBuildPhase section */
		0289596E1CF7A07B00414BCB /* Sources */ = {
			isa = PBXSourcesBuildPhase;
			buildActionMask = 2147483647;
			files = (
				028959901CF7A0A800414BCB /* ColorOctree.swift in Sources */,
				028959921CF7A0A800414BCB /* UIImage+ColorSampler.swift in Sources */,
				028959911CF7A0A800414BCB /* MinBinaryHeap.swift in Sources */,
			);
			runOnlyForDeploymentPostprocessing = 0;
		};
		028959791CF7A07B00414BCB /* Sources */ = {
			isa = PBXSourcesBuildPhase;
			buildActionMask = 2147483647;
			files = (
				028959971CF7A10300414BCB /* SwiftColorSamplerTests.swift in Sources */,
				028959981CF7A10300414BCB /* MinBinaryHeapTests.swift in Sources */,
			);
			runOnlyForDeploymentPostprocessing = 0;
		};
		0290DCE81D6CE33B009EBD9E /* Sources */ = {
			isa = PBXSourcesBuildPhase;
			buildActionMask = 2147483647;
			files = (
				0290DCF11D6CE33B009EBD9E /* ViewController.swift in Sources */,
				0290DCEF1D6CE33B009EBD9E /* AppDelegate.swift in Sources */,
			);
			runOnlyForDeploymentPostprocessing = 0;
		};
		02EDB5FD1ED4026D001105CB /* Sources */ = {
			isa = PBXSourcesBuildPhase;
			buildActionMask = 2147483647;
			files = (
				02EDB60A1ED40298001105CB /* ColorOctree.swift in Sources */,
				02EDB60C1ED4029C001105CB /* UIImage+ColorSampler.swift in Sources */,
				02EDB60B1ED40298001105CB /* MinBinaryHeap.swift in Sources */,
			);
			runOnlyForDeploymentPostprocessing = 0;
		};
/* End PBXSourcesBuildPhase section */

/* Begin PBXTargetDependency section */
		028959801CF7A07B00414BCB /* PBXTargetDependency */ = {
			isa = PBXTargetDependency;
			target = 028959721CF7A07B00414BCB /* SwiftColorSampler iOS */;
			targetProxy = 0289597F1CF7A07B00414BCB /* PBXContainerItemProxy */;
		};
/* End PBXTargetDependency section */

/* Begin PBXVariantGroup section */
		0290DCF21D6CE33B009EBD9E /* Main.storyboard */ = {
			isa = PBXVariantGroup;
			children = (
				0290DCF31D6CE33B009EBD9E /* Base */,
			);
			name = Main.storyboard;
			path = .;
			sourceTree = "<group>";
		};
		0290DCF71D6CE33B009EBD9E /* LaunchScreen.storyboard */ = {
			isa = PBXVariantGroup;
			children = (
				0290DCF81D6CE33B009EBD9E /* Base */,
			);
			name = LaunchScreen.storyboard;
			path = .;
			sourceTree = "<group>";
		};
/* End PBXVariantGroup section */

/* Begin XCBuildConfiguration section */
		028959851CF7A07B00414BCB /* Debug */ = {
			isa = XCBuildConfiguration;
			buildSettings = {
				ALWAYS_SEARCH_USER_PATHS = NO;
				APPLICATION_EXTENSION_API_ONLY = YES;
				CLANG_ANALYZER_NONNULL = YES;
				CLANG_CXX_LANGUAGE_STANDARD = "gnu++0x";
				CLANG_CXX_LIBRARY = "libc++";
				CLANG_ENABLE_MODULES = YES;
				CLANG_ENABLE_OBJC_ARC = YES;
				CLANG_WARN_BLOCK_CAPTURE_AUTORELEASING = YES;
				CLANG_WARN_BOOL_CONVERSION = YES;
				CLANG_WARN_COMMA = YES;
				CLANG_WARN_CONSTANT_CONVERSION = YES;
				CLANG_WARN_DIRECT_OBJC_ISA_USAGE = YES_ERROR;
				CLANG_WARN_EMPTY_BODY = YES;
				CLANG_WARN_ENUM_CONVERSION = YES;
				CLANG_WARN_INFINITE_RECURSION = YES;
				CLANG_WARN_INT_CONVERSION = YES;
				CLANG_WARN_NON_LITERAL_NULL_CONVERSION = YES;
				CLANG_WARN_OBJC_LITERAL_CONVERSION = YES;
				CLANG_WARN_OBJC_ROOT_CLASS = YES_ERROR;
				CLANG_WARN_RANGE_LOOP_ANALYSIS = YES;
				CLANG_WARN_STRICT_PROTOTYPES = YES;
				CLANG_WARN_SUSPICIOUS_MOVE = YES;
				CLANG_WARN_UNREACHABLE_CODE = YES;
				CLANG_WARN__DUPLICATE_METHOD_MATCH = YES;
				"CODE_SIGN_IDENTITY[sdk=iphoneos*]" = "iPhone Developer";
				COPY_PHASE_STRIP = NO;
				CURRENT_PROJECT_VERSION = 1;
				DEBUG_INFORMATION_FORMAT = dwarf;
				ENABLE_STRICT_OBJC_MSGSEND = YES;
				ENABLE_TESTABILITY = YES;
				GCC_C_LANGUAGE_STANDARD = gnu99;
				GCC_DYNAMIC_NO_PIC = NO;
				GCC_NO_COMMON_BLOCKS = YES;
				GCC_OPTIMIZATION_LEVEL = 0;
				GCC_PREPROCESSOR_DEFINITIONS = (
					"DEBUG=1",
					"$(inherited)",
				);
				GCC_WARN_64_TO_32_BIT_CONVERSION = YES;
				GCC_WARN_ABOUT_RETURN_TYPE = YES_ERROR;
				GCC_WARN_UNDECLARED_SELECTOR = YES;
				GCC_WARN_UNINITIALIZED_AUTOS = YES_AGGRESSIVE;
				GCC_WARN_UNUSED_FUNCTION = YES;
				GCC_WARN_UNUSED_VARIABLE = YES;
				IPHONEOS_DEPLOYMENT_TARGET = 9.0;
				MTL_ENABLE_DEBUG_INFO = YES;
				ONLY_ACTIVE_ARCH = YES;
				SDKROOT = iphoneos;
				SWIFT_OPTIMIZATION_LEVEL = "-Onone";
				SWIFT_SWIFT3_OBJC_INFERENCE = Off;
				TARGETED_DEVICE_FAMILY = "1,2";
				VERSIONING_SYSTEM = "apple-generic";
				VERSION_INFO_PREFIX = "";
			};
			name = Debug;
		};
		028959861CF7A07B00414BCB /* Release */ = {
			isa = XCBuildConfiguration;
			buildSettings = {
				ALWAYS_SEARCH_USER_PATHS = NO;
				APPLICATION_EXTENSION_API_ONLY = YES;
				CLANG_ANALYZER_NONNULL = YES;
				CLANG_CXX_LANGUAGE_STANDARD = "gnu++0x";
				CLANG_CXX_LIBRARY = "libc++";
				CLANG_ENABLE_MODULES = YES;
				CLANG_ENABLE_OBJC_ARC = YES;
				CLANG_WARN_BLOCK_CAPTURE_AUTORELEASING = YES;
				CLANG_WARN_BOOL_CONVERSION = YES;
				CLANG_WARN_COMMA = YES;
				CLANG_WARN_CONSTANT_CONVERSION = YES;
				CLANG_WARN_DIRECT_OBJC_ISA_USAGE = YES_ERROR;
				CLANG_WARN_EMPTY_BODY = YES;
				CLANG_WARN_ENUM_CONVERSION = YES;
				CLANG_WARN_INFINITE_RECURSION = YES;
				CLANG_WARN_INT_CONVERSION = YES;
				CLANG_WARN_NON_LITERAL_NULL_CONVERSION = YES;
				CLANG_WARN_OBJC_LITERAL_CONVERSION = YES;
				CLANG_WARN_OBJC_ROOT_CLASS = YES_ERROR;
				CLANG_WARN_RANGE_LOOP_ANALYSIS = YES;
				CLANG_WARN_STRICT_PROTOTYPES = YES;
				CLANG_WARN_SUSPICIOUS_MOVE = YES;
				CLANG_WARN_UNREACHABLE_CODE = YES;
				CLANG_WARN__DUPLICATE_METHOD_MATCH = YES;
				"CODE_SIGN_IDENTITY[sdk=iphoneos*]" = "iPhone Developer";
				COPY_PHASE_STRIP = NO;
				CURRENT_PROJECT_VERSION = 1;
				DEBUG_INFORMATION_FORMAT = "dwarf-with-dsym";
				ENABLE_NS_ASSERTIONS = NO;
				ENABLE_STRICT_OBJC_MSGSEND = YES;
				GCC_C_LANGUAGE_STANDARD = gnu99;
				GCC_NO_COMMON_BLOCKS = YES;
				GCC_WARN_64_TO_32_BIT_CONVERSION = YES;
				GCC_WARN_ABOUT_RETURN_TYPE = YES_ERROR;
				GCC_WARN_UNDECLARED_SELECTOR = YES;
				GCC_WARN_UNINITIALIZED_AUTOS = YES_AGGRESSIVE;
				GCC_WARN_UNUSED_FUNCTION = YES;
				GCC_WARN_UNUSED_VARIABLE = YES;
				IPHONEOS_DEPLOYMENT_TARGET = 9.0;
				MTL_ENABLE_DEBUG_INFO = NO;
				SDKROOT = iphoneos;
				SWIFT_OPTIMIZATION_LEVEL = "-Owholemodule";
				SWIFT_SWIFT3_OBJC_INFERENCE = Off;
				TARGETED_DEVICE_FAMILY = "1,2";
				VALIDATE_PRODUCT = YES;
				VERSIONING_SYSTEM = "apple-generic";
				VERSION_INFO_PREFIX = "";
			};
			name = Release;
		};
		028959881CF7A07B00414BCB /* Debug */ = {
			isa = XCBuildConfiguration;
			buildSettings = {
				CLANG_ENABLE_MODULES = YES;
				"CODE_SIGN_IDENTITY[sdk=iphoneos*]" = "";
				DEFINES_MODULE = YES;
				DYLIB_COMPATIBILITY_VERSION = 1;
				DYLIB_CURRENT_VERSION = 1;
				DYLIB_INSTALL_NAME_BASE = "@rpath";
				INFOPLIST_FILE = Source/Info.plist;
				INSTALL_PATH = "$(LOCAL_LIBRARY_DIR)/Frameworks";
				LD_RUNPATH_SEARCH_PATHS = "$(inherited) @executable_path/Frameworks @loader_path/Frameworks";
				PRODUCT_BUNDLE_IDENTIFIER = com.hollylabs.SwiftColorSampler;
				PRODUCT_NAME = SwiftColorSampler;
				SKIP_INSTALL = YES;
				SWIFT_OPTIMIZATION_LEVEL = "-Onone";
				SWIFT_SWIFT3_OBJC_INFERENCE = On;
				SWIFT_VERSION = 4.0;
			};
			name = Debug;
		};
		028959891CF7A07B00414BCB /* Release */ = {
			isa = XCBuildConfiguration;
			buildSettings = {
				CLANG_ENABLE_MODULES = YES;
				"CODE_SIGN_IDENTITY[sdk=iphoneos*]" = "";
				DEFINES_MODULE = YES;
				DYLIB_COMPATIBILITY_VERSION = 1;
				DYLIB_CURRENT_VERSION = 1;
				DYLIB_INSTALL_NAME_BASE = "@rpath";
				INFOPLIST_FILE = Source/Info.plist;
				INSTALL_PATH = "$(LOCAL_LIBRARY_DIR)/Frameworks";
				LD_RUNPATH_SEARCH_PATHS = "$(inherited) @executable_path/Frameworks @loader_path/Frameworks";
				PRODUCT_BUNDLE_IDENTIFIER = com.hollylabs.SwiftColorSampler;
				PRODUCT_NAME = SwiftColorSampler;
				SKIP_INSTALL = YES;
				SWIFT_SWIFT3_OBJC_INFERENCE = On;
				SWIFT_VERSION = 4.0;
			};
			name = Release;
		};
		0289598B1CF7A07B00414BCB /* Debug */ = {
			isa = XCBuildConfiguration;
			buildSettings = {
				DEVELOPMENT_TEAM = 7XLNECBC46;
				INFOPLIST_FILE = Tests/Info.plist;
				LD_RUNPATH_SEARCH_PATHS = "$(inherited) @executable_path/Frameworks @loader_path/Frameworks";
				PRODUCT_BUNDLE_IDENTIFIER = com.hollylabs.SwiftColorSamplerTests;
				PRODUCT_NAME = "$(TARGET_NAME)";
				SWIFT_SWIFT3_OBJC_INFERENCE = Off;
				SWIFT_VERSION = 4.0;
			};
			name = Debug;
		};
		0289598C1CF7A07B00414BCB /* Release */ = {
			isa = XCBuildConfiguration;
			buildSettings = {
				DEVELOPMENT_TEAM = 7XLNECBC46;
				INFOPLIST_FILE = Tests/Info.plist;
				LD_RUNPATH_SEARCH_PATHS = "$(inherited) @executable_path/Frameworks @loader_path/Frameworks";
				PRODUCT_BUNDLE_IDENTIFIER = com.hollylabs.SwiftColorSamplerTests;
				PRODUCT_NAME = "$(TARGET_NAME)";
				SWIFT_SWIFT3_OBJC_INFERENCE = Off;
				SWIFT_VERSION = 4.0;
			};
			name = Release;
		};
		0290DD071D6CE33B009EBD9E /* Debug */ = {
			isa = XCBuildConfiguration;
			buildSettings = {
				ASSETCATALOG_COMPILER_APPICON_NAME = AppIcon;
				CLANG_WARN_DOCUMENTATION_COMMENTS = YES;
				CLANG_WARN_SUSPICIOUS_MOVES = YES;
				DEVELOPMENT_TEAM = 7XLNECBC46;
				INFOPLIST_FILE = "Sample App/Info.plist";
				IPHONEOS_DEPLOYMENT_TARGET = 10.0;
				LD_RUNPATH_SEARCH_PATHS = "$(inherited) @executable_path/Frameworks";
				PRODUCT_BUNDLE_IDENTIFIER = "com.hollylabs.Sample-App";
				PRODUCT_NAME = "$(TARGET_NAME)";
				SWIFT_ACTIVE_COMPILATION_CONDITIONS = DEBUG;
				SWIFT_SWIFT3_OBJC_INFERENCE = On;
				SWIFT_VERSION = 4.0;
			};
			name = Debug;
		};
		0290DD081D6CE33B009EBD9E /* Release */ = {
			isa = XCBuildConfiguration;
			buildSettings = {
				ASSETCATALOG_COMPILER_APPICON_NAME = AppIcon;
				CLANG_WARN_DOCUMENTATION_COMMENTS = YES;
				CLANG_WARN_SUSPICIOUS_MOVES = YES;
				DEVELOPMENT_TEAM = 7XLNECBC46;
				INFOPLIST_FILE = "Sample App/Info.plist";
				IPHONEOS_DEPLOYMENT_TARGET = 10.0;
				LD_RUNPATH_SEARCH_PATHS = "$(inherited) @executable_path/Frameworks";
				PRODUCT_BUNDLE_IDENTIFIER = "com.hollylabs.Sample-App";
				PRODUCT_NAME = "$(TARGET_NAME)";
				SWIFT_SWIFT3_OBJC_INFERENCE = On;
				SWIFT_VERSION = 4.0;
			};
			name = Release;
		};
		02EDB6081ED4026E001105CB /* Debug */ = {
			isa = XCBuildConfiguration;
			buildSettings = {
				APPLICATION_EXTENSION_API_ONLY = YES;
				CLANG_ANALYZER_NUMBER_OBJECT_CONVERSION = YES_AGGRESSIVE;
				CLANG_WARN_DOCUMENTATION_COMMENTS = YES;
				CODE_SIGN_IDENTITY = "";
				DEFINES_MODULE = YES;
				DEVELOPMENT_TEAM = 7XLNECBC46;
				DYLIB_COMPATIBILITY_VERSION = 1;
				DYLIB_CURRENT_VERSION = 1;
				DYLIB_INSTALL_NAME_BASE = "@rpath";
				INFOPLIST_FILE = Source/Info.plist;
				INSTALL_PATH = "$(LOCAL_LIBRARY_DIR)/Frameworks";
				LD_RUNPATH_SEARCH_PATHS = "$(inherited) @executable_path/Frameworks @loader_path/Frameworks";
				PRODUCT_BUNDLE_IDENTIFIER = "com.hollingsware.SwiftColorSampler-watchOS";
				PRODUCT_NAME = SwiftColorSampler;
				SDKROOT = watchos;
				SKIP_INSTALL = YES;
				SWIFT_ACTIVE_COMPILATION_CONDITIONS = DEBUG;
				SWIFT_SWIFT3_OBJC_INFERENCE = Off;
				SWIFT_VERSION = 4.0;
				TARGETED_DEVICE_FAMILY = 4;
				WATCHOS_DEPLOYMENT_TARGET = 3.2;
			};
			name = Debug;
		};
		02EDB6091ED4026E001105CB /* Release */ = {
			isa = XCBuildConfiguration;
			buildSettings = {
				APPLICATION_EXTENSION_API_ONLY = YES;
				CLANG_ANALYZER_NUMBER_OBJECT_CONVERSION = YES_AGGRESSIVE;
				CLANG_WARN_DOCUMENTATION_COMMENTS = YES;
				CODE_SIGN_IDENTITY = "";
				DEFINES_MODULE = YES;
				DEVELOPMENT_TEAM = 7XLNECBC46;
				DYLIB_COMPATIBILITY_VERSION = 1;
				DYLIB_CURRENT_VERSION = 1;
				DYLIB_INSTALL_NAME_BASE = "@rpath";
				INFOPLIST_FILE = Source/Info.plist;
				INSTALL_PATH = "$(LOCAL_LIBRARY_DIR)/Frameworks";
				LD_RUNPATH_SEARCH_PATHS = "$(inherited) @executable_path/Frameworks @loader_path/Frameworks";
				PRODUCT_BUNDLE_IDENTIFIER = "com.hollingsware.SwiftColorSampler-watchOS";
				PRODUCT_NAME = SwiftColorSampler;
				SDKROOT = watchos;
				SKIP_INSTALL = YES;
				SWIFT_SWIFT3_OBJC_INFERENCE = Off;
				SWIFT_VERSION = 4.0;
				TARGETED_DEVICE_FAMILY = 4;
				WATCHOS_DEPLOYMENT_TARGET = 3.2;
			};
			name = Release;
		};
/* End XCBuildConfiguration section */

/* Begin XCConfigurationList section */
		0289596D1CF7A07B00414BCB /* Build configuration list for PBXProject "SwiftColorSampler" */ = {
			isa = XCConfigurationList;
			buildConfigurations = (
				028959851CF7A07B00414BCB /* Debug */,
				028959861CF7A07B00414BCB /* Release */,
			);
			defaultConfigurationIsVisible = 0;
			defaultConfigurationName = Release;
		};
		028959871CF7A07B00414BCB /* Build configuration list for PBXNativeTarget "SwiftColorSampler iOS" */ = {
			isa = XCConfigurationList;
			buildConfigurations = (
				028959881CF7A07B00414BCB /* Debug */,
				028959891CF7A07B00414BCB /* Release */,
			);
			defaultConfigurationIsVisible = 0;
			defaultConfigurationName = Release;
		};
		0289598A1CF7A07B00414BCB /* Build configuration list for PBXNativeTarget "SwiftColorSamplerTests" */ = {
			isa = XCConfigurationList;
			buildConfigurations = (
				0289598B1CF7A07B00414BCB /* Debug */,
				0289598C1CF7A07B00414BCB /* Release */,
			);
			defaultConfigurationIsVisible = 0;
			defaultConfigurationName = Release;
		};
		0290DD061D6CE33B009EBD9E /* Build configuration list for PBXNativeTarget "Sample App" */ = {
			isa = XCConfigurationList;
			buildConfigurations = (
				0290DD071D6CE33B009EBD9E /* Debug */,
				0290DD081D6CE33B009EBD9E /* Release */,
			);
			defaultConfigurationIsVisible = 0;
			defaultConfigurationName = Release;
		};
		02EDB6071ED4026E001105CB /* Build configuration list for PBXNativeTarget "SwiftColorSampler watchOS" */ = {
			isa = XCConfigurationList;
			buildConfigurations = (
				02EDB6081ED4026E001105CB /* Debug */,
				02EDB6091ED4026E001105CB /* Release */,
			);
			defaultConfigurationIsVisible = 0;
			defaultConfigurationName = Release;
		};
/* End XCConfigurationList section */
	};
	rootObject = 0289596A1CF7A07B00414BCB /* Project object */;
}
